
Microsoft Visual Studio Solution File, Format Version 12.00
# Visual Studio Version 17
VisualStudioVersion = 17.1.32319.34
MinimumVisualStudioVersion = 10.0.40219.1
Project("{FAE04EC0-301F-11D3-BF4B-00C04F79EFBC}") = "CompareNum", "CompareNum\CompareNum.csproj", "{1A6204F1-5C5D-4506-99F6-9EA9CB5F1BBF}"
EndProject
Global
	GlobalSection(SolutionConfigurationPlatforms) = preSolution
		Debug|Any CPU = Debug|Any CPU
		Release|Any CPU = Release|Any CPU
	EndGlobalSection
	GlobalSection(ProjectConfigurationPlatforms) = postSolution
		{1A6204F1-5C5D-4506-99F6-9EA9CB5F1BBF}.Debug|Any CPU.ActiveCfg = Debug|Any CPU
		{1A6204F1-5C5D-4506-99F6-9EA9CB5F1BBF}.Debug|Any CPU.Build.0 = Debug|Any CPU
		{1A6204F1-5C5D-4506-99F6-9EA9CB5F1BBF}.Release|Any CPU.ActiveCfg = Release|Any CPU
		{1A6204F1-5C5D-4506-99F6-9EA9CB5F1BBF}.Release|Any CPU.Build.0 = Release|Any CPU
	EndGlobalSection
	GlobalSection(SolutionProperties) = preSolution
		HideSolutionNode = FALSE
	EndGlobalSection
	GlobalSection(ExtensibilityGlobals) = postSolution
		SolutionGuid = {E94274ED-FE42-4CCE-B851-F2906C026CAA}
	EndGlobalSection
EndGlobal
